
Microsoft Visual Studio Solution File, Format Version 11.00
# Visual Studio 2010
Project("{FAE04EC0-301F-11D3-BF4B-00C04F79EFBC}") = "Assembly-CSharp", "Assembly-CSharp.csproj", "{60891c42-f7b6-aec7-7a75-da9f4601f0a4}"
EndProject
Project("{FAE04EC0-301F-11D3-BF4B-00C04F79EFBC}") = "Assembly-CSharp-Editor", "Assembly-CSharp-Editor.csproj", "{606e0ba0-ac87-3f94-6a50-cc4d33861c99}"
EndProject
Global
	GlobalSection(SolutionConfigurationPlatforms) = preSolution
		Debug|Any CPU = Debug|Any CPU
	EndGlobalSection
	GlobalSection(ProjectConfigurationPlatforms) = postSolution
		{60891c42-f7b6-aec7-7a75-da9f4601f0a4}.Debug|Any CPU.ActiveCfg = Debug|Any CPU
		{60891c42-f7b6-aec7-7a75-da9f4601f0a4}.Debug|Any CPU.Build.0 = Debug|Any CPU
		{606e0ba0-ac87-3f94-6a50-cc4d33861c99}.Debug|Any CPU.ActiveCfg = Debug|Any CPU
		{606e0ba0-ac87-3f94-6a50-cc4d33861c99}.Debug|Any CPU.Build.0 = Debug|Any CPU
	EndGlobalSection
	GlobalSection(SolutionProperties) = preSolution
		HideSolutionNode = FALSE
	EndGlobalSection
EndGlobal
